
Microsoft Visual Studio Solution File, Format Version 12.00
# Visual Studio Version 17
VisualStudioVersion = 17.4.33103.184
MinimumVisualStudioVersion = 10.0.40219.1
Project("{FAE04EC0-301F-11D3-BF4B-00C04F79EFBC}") = "KADES", "KADES\KADES.csproj", "{502A62EC-2583-4F24-8A3E-277E0D1A1967}"
EndProject
Global
	GlobalSection(SolutionConfigurationPlatforms) = preSolution
		Debug|Any CPU = Debug|Any CPU
		Release|Any CPU = Release|Any CPU
	EndGlobalSection
	GlobalSection(ProjectConfigurationPlatforms) = postSolution
		{502A62EC-2583-4F24-8A3E-277E0D1A1967}.Debug|Any CPU.ActiveCfg = Debug|Any CPU
		{502A62EC-2583-4F24-8A3E-277E0D1A1967}.Debug|Any CPU.Build.0 = Debug|Any CPU
		{502A62EC-2583-4F24-8A3E-277E0D1A1967}.Release|Any CPU.ActiveCfg = Release|Any CPU
		{502A62EC-2583-4F24-8A3E-277E0D1A1967}.Release|Any CPU.Build.0 = Release|Any CPU
	EndGlobalSection
	GlobalSection(SolutionProperties) = preSolution
		HideSolutionNode = FALSE
	EndGlobalSection
	GlobalSection(ExtensibilityGlobals) = postSolution
		SolutionGuid = {DD47EBAD-3C2F-4AC1-BE18-7F07705E0F0A}
	EndGlobalSection
EndGlobal
